
Microsoft Visual Studio Solution File, Format Version 12.00
# Visual Studio 15
VisualStudioVersion = 15.0.27703.2018
MinimumVisualStudioVersion = 10.0.40219.1
Project("{2150E333-8FDC-42A3-9474-1A3956D46DE8}") = "DEALERProxyREP", "DEALERProxyREP", "{F1121FD6-EAB1-4058-98AA-E8EFC789F587}"
EndProject
Project("{FAE04EC0-301F-11D3-BF4B-00C04F79EFBC}") = "DEALERProxyREP.Client", "DEALERProxyREP\DEALERProxyREP.Client\DEALERProxyREP.Client.csproj", "{F49B05C4-4FD7-4B68-99EE-36E18B8FE5EE}"
EndProject
Project("{FAE04EC0-301F-11D3-BF4B-00C04F79EFBC}") = "DEALERProxyREP.Server", "DEALERProxyREP\DEALERProxyREP.Server\DEALERProxyREP.Server.csproj", "{36510A27-D1A9-4559-8903-0A11C5F2A559}"
EndProject
Project("{2150E333-8FDC-42A3-9474-1A3956D46DE8}") = "DEALERProxyDEALER", "DEALERProxyDEALER", "{2A849EF9-FA08-4B75-898C-1C28D62C6BE1}"
EndProject
Project("{FAE04EC0-301F-11D3-BF4B-00C04F79EFBC}") = "DEALERProxyDEALER.Client", "DEALERProxyDEALER\DEALERProxyDEALER.Client\DEALERProxyDEALER.Client.csproj", "{96C5C8AB-9DE5-437D-BAE9-99D452C816B8}"
EndProject
Project("{FAE04EC0-301F-11D3-BF4B-00C04F79EFBC}") = "DEALERProxyDEALER.Server", "DEALERProxyDEALER\DEALERProxyDEALER.Server\DEALERProxyDEALER.Server.csproj", "{DE3B6479-3DD6-44C0-8010-FC410E114DA8}"
EndProject
Project("{2150E333-8FDC-42A3-9474-1A3956D46DE8}") = "REQProxyREP", "REQProxyREP", "{A54054CB-D6B5-46E8-99BB-03CFF15C2D53}"
EndProject
Project("{FAE04EC0-301F-11D3-BF4B-00C04F79EFBC}") = "REQProxyREP.Client", "REQProxyREP\REQProxyREP.Client\REQProxyREP.Client.csproj", "{E403D9EE-4983-4C51-BAD7-EF9C2614AF7D}"
EndProject
Project("{FAE04EC0-301F-11D3-BF4B-00C04F79EFBC}") = "REQProxyREP.Server", "REQProxyREP\REQProxyREP.Server\REQProxyREP.Server.csproj", "{3E3FC4D9-3375-4A1F-ACD3-E9169B534724}"
EndProject
Global
	GlobalSection(SolutionConfigurationPlatforms) = preSolution
		Debug|Any CPU = Debug|Any CPU
		Release|Any CPU = Release|Any CPU
	EndGlobalSection
	GlobalSection(ProjectConfigurationPlatforms) = postSolution
		{F49B05C4-4FD7-4B68-99EE-36E18B8FE5EE}.Debug|Any CPU.ActiveCfg = Debug|Any CPU
		{F49B05C4-4FD7-4B68-99EE-36E18B8FE5EE}.Debug|Any CPU.Build.0 = Debug|Any CPU
		{F49B05C4-4FD7-4B68-99EE-36E18B8FE5EE}.Release|Any CPU.ActiveCfg = Release|Any CPU
		{F49B05C4-4FD7-4B68-99EE-36E18B8FE5EE}.Release|Any CPU.Build.0 = Release|Any CPU
		{36510A27-D1A9-4559-8903-0A11C5F2A559}.Debug|Any CPU.ActiveCfg = Debug|Any CPU
		{36510A27-D1A9-4559-8903-0A11C5F2A559}.Debug|Any CPU.Build.0 = Debug|Any CPU
		{36510A27-D1A9-4559-8903-0A11C5F2A559}.Release|Any CPU.ActiveCfg = Release|Any CPU
		{36510A27-D1A9-4559-8903-0A11C5F2A559}.Release|Any CPU.Build.0 = Release|Any CPU
		{96C5C8AB-9DE5-437D-BAE9-99D452C816B8}.Debug|Any CPU.ActiveCfg = Debug|Any CPU
		{96C5C8AB-9DE5-437D-BAE9-99D452C816B8}.Debug|Any CPU.Build.0 = Debug|Any CPU
		{96C5C8AB-9DE5-437D-BAE9-99D452C816B8}.Release|Any CPU.ActiveCfg = Release|Any CPU
		{96C5C8AB-9DE5-437D-BAE9-99D452C816B8}.Release|Any CPU.Build.0 = Release|Any CPU
		{DE3B6479-3DD6-44C0-8010-FC410E114DA8}.Debug|Any CPU.ActiveCfg = Debug|Any CPU
		{DE3B6479-3DD6-44C0-8010-FC410E114DA8}.Debug|Any CPU.Build.0 = Debug|Any CPU
		{DE3B6479-3DD6-44C0-8010-FC410E114DA8}.Release|Any CPU.ActiveCfg = Release|Any CPU
		{DE3B6479-3DD6-44C0-8010-FC410E114DA8}.Release|Any CPU.Build.0 = Release|Any CPU
		{E403D9EE-4983-4C51-BAD7-EF9C2614AF7D}.Debug|Any CPU.ActiveCfg = Debug|Any CPU
		{E403D9EE-4983-4C51-BAD7-EF9C2614AF7D}.Debug|Any CPU.Build.0 = Debug|Any CPU
		{E403D9EE-4983-4C51-BAD7-EF9C2614AF7D}.Release|Any CPU.ActiveCfg = Release|Any CPU
		{E403D9EE-4983-4C51-BAD7-EF9C2614AF7D}.Release|Any CPU.Build.0 = Release|Any CPU
		{3E3FC4D9-3375-4A1F-ACD3-E9169B534724}.Debug|Any CPU.ActiveCfg = Debug|Any CPU
		{3E3FC4D9-3375-4A1F-ACD3-E9169B534724}.Debug|Any CPU.Build.0 = Debug|Any CPU
		{3E3FC4D9-3375-4A1F-ACD3-E9169B534724}.Release|Any CPU.ActiveCfg = Release|Any CPU
		{3E3FC4D9-3375-4A1F-ACD3-E9169B534724}.Release|Any CPU.Build.0 = Release|Any CPU
	EndGlobalSection
	GlobalSection(SolutionProperties) = preSolution
		HideSolutionNode = FALSE
	EndGlobalSection
	GlobalSection(NestedProjects) = preSolution
		{F49B05C4-4FD7-4B68-99EE-36E18B8FE5EE} = {F1121FD6-EAB1-4058-98AA-E8EFC789F587}
		{36510A27-D1A9-4559-8903-0A11C5F2A559} = {F1121FD6-EAB1-4058-98AA-E8EFC789F587}
		{96C5C8AB-9DE5-437D-BAE9-99D452C816B8} = {2A849EF9-FA08-4B75-898C-1C28D62C6BE1}
		{DE3B6479-3DD6-44C0-8010-FC410E114DA8} = {2A849EF9-FA08-4B75-898C-1C28D62C6BE1}
		{E403D9EE-4983-4C51-BAD7-EF9C2614AF7D} = {A54054CB-D6B5-46E8-99BB-03CFF15C2D53}
		{3E3FC4D9-3375-4A1F-ACD3-E9169B534724} = {A54054CB-D6B5-46E8-99BB-03CFF15C2D53}
	EndGlobalSection
	GlobalSection(ExtensibilityGlobals) = postSolution
		SolutionGuid = {400743FA-5D75-40C9-ACD6-1638A1EB416A}
	EndGlobalSection
EndGlobal
